// !$*UTF8*$!
{
	archiveVersion = 1;
	classes = {
	};
	objectVersion = 56;
	objects = {

/* Begin PBXBuildFile section */
		5455A8412C4B8E35002CB766 /* riverbankApp.swift in Sources */ = {isa = PBXBuildFile; fileRef = 5455A8402C4B8E35002CB766 /* riverbankApp.swift */; };
		5455A8432C4B8E35002CB766 /* ContentView.swift in Sources */ = {isa = PBXBuildFile; fileRef = 5455A8422C4B8E35002CB766 /* ContentView.swift */; };
		5455A8452C4B8E38002CB766 /* Assets.xcassets in Resources */ = {isa = PBXBuildFile; fileRef = 5455A8442C4B8E38002CB766 /* Assets.xcassets */; };
		5455A8482C4B8E38002CB766 /* Preview Assets.xcassets in Resources */ = {isa = PBXBuildFile; fileRef = 5455A8472C4B8E38002CB766 /* Preview Assets.xcassets */; };
		73120C712C54D00F000CD22A /* BackEnd.swift in Sources */ = {isa = PBXBuildFile; fileRef = 73120C702C54D00F000CD22A /* BackEnd.swift */; };
		73650CE82C54CB5A0006DDD2 /* WelcomeScreen.swift in Sources */ = {isa = PBXBuildFile; fileRef = 73650CE72C54CB5A0006DDD2 /* WelcomeScreen.swift */; };
		C674BA962C54AC5600A86DEA /* HomeView.swift in Sources */ = {isa = PBXBuildFile; fileRef = C674BA952C54AC5600A86DEA /* HomeView.swift */; };
		C674BA982C54AC6900A86DEA /* UsageView.swift in Sources */ = {isa = PBXBuildFile; fileRef = C674BA972C54AC6900A86DEA /* UsageView.swift */; };
		C674BA9A2C54AC7900A86DEA /* GoalsView.swift in Sources */ = {isa = PBXBuildFile; fileRef = C674BA992C54AC7900A86DEA /* GoalsView.swift */; };
		C674BA9C2C54AC9500A86DEA /* SettingsView.swift in Sources */ = {isa = PBXBuildFile; fileRef = C674BA9B2C54AC9500A86DEA /* SettingsView.swift */; };
		C674BA9E2C54ACAD00A86DEA /* LogView.swift in Sources */ = {isa = PBXBuildFile; fileRef = C674BA9D2C54ACAD00A86DEA /* LogView.swift */; };
/* End PBXBuildFile section */

/* Begin PBXFileReference section */
		5455A83D2C4B8E35002CB766 /* riverbank.app */ = {isa = PBXFileReference; explicitFileType = wrapper.application; includeInIndex = 0; path = riverbank.app; sourceTree = BUILT_PRODUCTS_DIR; };
		5455A8402C4B8E35002CB766 /* riverbankApp.swift */ = {isa = PBXFileReference; lastKnownFileType = sourcecode.swift; path = riverbankApp.swift; sourceTree = "<group>"; };
		5455A8422C4B8E35002CB766 /* ContentView.swift */ = {isa = PBXFileReference; lastKnownFileType = sourcecode.swift; path = ContentView.swift; sourceTree = "<group>"; };
		5455A8442C4B8E38002CB766 /* Assets.xcassets */ = {isa = PBXFileReference; lastKnownFileType = folder.assetcatalog; path = Assets.xcassets; sourceTree = "<group>"; };
		5455A8472C4B8E38002CB766 /* Preview Assets.xcassets */ = {isa = PBXFileReference; lastKnownFileType = folder.assetcatalog; path = "Preview Assets.xcassets"; sourceTree = "<group>"; };
		73120C702C54D00F000CD22A /* BackEnd.swift */ = {isa = PBXFileReference; lastKnownFileType = sourcecode.swift; path = BackEnd.swift; sourceTree = "<group>"; };
		73650CE72C54CB5A0006DDD2 /* WelcomeScreen.swift */ = {isa = PBXFileReference; lastKnownFileType = sourcecode.swift; path = WelcomeScreen.swift; sourceTree = "<group>"; };
		C674BA952C54AC5600A86DEA /* HomeView.swift */ = {isa = PBXFileReference; lastKnownFileType = sourcecode.swift; path = HomeView.swift; sourceTree = "<group>"; };
		C674BA972C54AC6900A86DEA /* UsageView.swift */ = {isa = PBXFileReference; lastKnownFileType = sourcecode.swift; path = UsageView.swift; sourceTree = "<group>"; };
		C674BA992C54AC7900A86DEA /* GoalsView.swift */ = {isa = PBXFileReference; lastKnownFileType = sourcecode.swift; path = GoalsView.swift; sourceTree = "<group>"; };
		C674BA9B2C54AC9500A86DEA /* SettingsView.swift */ = {isa = PBXFileReference; lastKnownFileType = sourcecode.swift; path = SettingsView.swift; sourceTree = "<group>"; };
		C674BA9D2C54ACAD00A86DEA /* LogView.swift */ = {isa = PBXFileReference; lastKnownFileType = sourcecode.swift; path = LogView.swift; sourceTree = "<group>"; };
/* End PBXFileReference section */

/* Begin PBXFrameworksBuildPhase section */
		5455A83A2C4B8E35002CB766 /* Frameworks */ = {
			isa = PBXFrameworksBuildPhase;
			buildActionMask = 2147483647;
			files = (
			);
			runOnlyForDeploymentPostprocessing = 0;
		};
/* End PBXFrameworksBuildPhase section */

/* Begin PBXGroup section */
		5455A8342C4B8E35002CB766 = {
			isa = PBXGroup;
			children = (
				5455A83F2C4B8E35002CB766 /* riverbank */,
				5455A83E2C4B8E35002CB766 /* Products */,
			);
			sourceTree = "<group>";
		};
		5455A83E2C4B8E35002CB766 /* Products */ = {
			isa = PBXGroup;
			children = (
				5455A83D2C4B8E35002CB766 /* riverbank.app */,
			);
			name = Products;
			sourceTree = "<group>";
		};
		5455A83F2C4B8E35002CB766 /* riverbank */ = {
			isa = PBXGroup;
			children = (
				5455A8402C4B8E35002CB766 /* riverbankApp.swift */,
				5455A8422C4B8E35002CB766 /* ContentView.swift */,
				73120C702C54D00F000CD22A /* BackEnd.swift */,
				73650CE72C54CB5A0006DDD2 /* WelcomeScreen.swift */,
				C674BA952C54AC5600A86DEA /* HomeView.swift */,
				C674BA972C54AC6900A86DEA /* UsageView.swift */,
				C674BA992C54AC7900A86DEA /* GoalsView.swift */,
				C674BA9B2C54AC9500A86DEA /* SettingsView.swift */,
				C674BA9D2C54ACAD00A86DEA /* LogView.swift */,
				5455A8442C4B8E38002CB766 /* Assets.xcassets */,
				5455A8462C4B8E38002CB766 /* Preview Content */,
			);
			path = riverbank;
			sourceTree = "<group>";
		};
		5455A8462C4B8E38002CB766 /* Preview Content */ = {
			isa = PBXGroup;
			children = (
				5455A8472C4B8E38002CB766 /* Preview Assets.xcassets */,
			);
			path = "Preview Content";
			sourceTree = "<group>";
		};
/* End PBXGroup section */

/* Begin PBXNativeTarget section */
		5455A83C2C4B8E35002CB766 /* riverbank */ = {
			isa = PBXNativeTarget;
			buildConfigurationList = 5455A84B2C4B8E38002CB766 /* Build configuration list for PBXNativeTarget "riverbank" */;
			buildPhases = (
				5455A8392C4B8E35002CB766 /* Sources */,
				5455A83A2C4B8E35002CB766 /* Frameworks */,
				5455A83B2C4B8E35002CB766 /* Resources */,
			);
			buildRules = (
			);
			dependencies = (
			);
			name = riverbank;
			productName = riverbank;
			productReference = 5455A83D2C4B8E35002CB766 /* riverbank.app */;
			productType = "com.apple.product-type.application";
		};
/* End PBXNativeTarget section */

/* Begin PBXProject section */
		5455A8352C4B8E35002CB766 /* Project object */ = {
			isa = PBXProject;
			attributes = {
				BuildIndependentTargetsInParallel = 1;
				LastSwiftUpdateCheck = 1540;
				LastUpgradeCheck = 1540;
				TargetAttributes = {
					5455A83C2C4B8E35002CB766 = {
						CreatedOnToolsVersion = 15.4;
					};
				};
			};
			buildConfigurationList = 5455A8382C4B8E35002CB766 /* Build configuration list for PBXProject "riverbank" */;
			compatibilityVersion = "Xcode 14.0";
			developmentRegion = en;
			hasScannedForEncodings = 0;
			knownRegions = (
				en,
				Base,
			);
			mainGroup = 5455A8342C4B8E35002CB766;
			productRefGroup = 5455A83E2C4B8E35002CB766 /* Products */;
			projectDirPath = "";
			projectRoot = "";
			targets = (
				5455A83C2C4B8E35002CB766 /* riverbank */,
			);
		};
/* End PBXProject section */

/* Begin PBXResourcesBuildPhase section */
		5455A83B2C4B8E35002CB766 /* Resources */ = {
			isa = PBXResourcesBuildPhase;
			buildActionMask = 2147483647;
			files = (
				5455A8482C4B8E38002CB766 /* Preview Assets.xcassets in Resources */,
				5455A8452C4B8E38002CB766 /* Assets.xcassets in Resources */,
			);
			runOnlyForDeploymentPostprocessing = 0;
		};
/* End PBXResourcesBuildPhase section */

/* Begin PBXSourcesBuildPhase section */
		5455A8392C4B8E35002CB766 /* Sources */ = {
			isa = PBXSourcesBuildPhase;
			buildActionMask = 2147483647;
			files = (
				73120C712C54D00F000CD22A /* BackEnd.swift in Sources */,
				C674BA962C54AC5600A86DEA /* HomeView.swift in Sources */,
				C674BA9A2C54AC7900A86DEA /* GoalsView.swift in Sources */,
				73650CE82C54CB5A0006DDD2 /* WelcomeScreen.swift in Sources */,
				5455A8432C4B8E35002CB766 /* ContentView.swift in Sources */,
				C674BA9C2C54AC9500A86DEA /* SettingsView.swift in Sources */,
				C674BA982C54AC6900A86DEA /* UsageView.swift in Sources */,
				5455A8412C4B8E35002CB766 /* riverbankApp.swift in Sources */,
				C674BA9E2C54ACAD00A86DEA /* LogView.swift in Sources */,
			);
			runOnlyForDeploymentPostprocessing = 0;
		};
/* End PBXSourcesBuildPhase section */

/* Begin XCBuildConfiguration section */
		5455A8492C4B8E38002CB766 /* Debug */ = {
			isa = XCBuildConfiguration;
			buildSettings = {
				ALWAYS_SEARCH_USER_PATHS = NO;
				ASSETCATALOG_COMPILER_GENERATE_SWIFT_ASSET_SYMBOL_EXTENSIONS = YES;
				CLANG_ANALYZER_NONNULL = YES;
				CLANG_ANALYZER_NUMBER_OBJECT_CONVERSION = YES_AGGRESSIVE;
				CLANG_CXX_LANGUAGE_STANDARD = "gnu++20";
				CLANG_ENABLE_MODULES = YES;
				CLANG_ENABLE_OBJC_ARC = YES;
				CLANG_ENABLE_OBJC_WEAK = YES;
				CLANG_WARN_BLOCK_CAPTURE_AUTORELEASING = YES;
				CLANG_WARN_BOOL_CONVERSION = YES;
				CLANG_WARN_COMMA = YES;
				CLANG_WARN_CONSTANT_CONVERSION = YES;
				CLANG_WARN_DEPRECATED_OBJC_IMPLEMENTATIONS = YES;
				CLANG_WARN_DIRECT_OBJC_ISA_USAGE = YES_ERROR;
				CLANG_WARN_DOCUMENTATION_COMMENTS = YES;
				CLANG_WARN_EMPTY_BODY = YES;
				CLANG_WARN_ENUM_CONVERSION = YES;
				CLANG_WARN_INFINITE_RECURSION = YES;
				CLANG_WARN_INT_CONVERSION = YES;
				CLANG_WARN_NON_LITERAL_NULL_CONVERSION = YES;
				CLANG_WARN_OBJC_IMPLICIT_RETAIN_SELF = YES;
				CLANG_WARN_OBJC_LITERAL_CONVERSION = YES;
				CLANG_WARN_OBJC_ROOT_CLASS = YES_ERROR;
				CLANG_WARN_QUOTED_INCLUDE_IN_FRAMEWORK_HEADER = YES;
				CLANG_WARN_RANGE_LOOP_ANALYSIS = YES;
				CLANG_WARN_STRICT_PROTOTYPES = YES;
				CLANG_WARN_SUSPICIOUS_MOVE = YES;
				CLANG_WARN_UNGUARDED_AVAILABILITY = YES_AGGRESSIVE;
				CLANG_WARN_UNREACHABLE_CODE = YES;
				CLANG_WARN__DUPLICATE_METHOD_MATCH = YES;
				COPY_PHASE_STRIP = NO;
				DEBUG_INFORMATION_FORMAT = dwarf;
				ENABLE_STRICT_OBJC_MSGSEND = YES;
				ENABLE_TESTABILITY = YES;
				ENABLE_USER_SCRIPT_SANDBOXING = YES;
				GCC_C_LANGUAGE_STANDARD = gnu17;
				GCC_DYNAMIC_NO_PIC = NO;
				GCC_NO_COMMON_BLOCKS = YES;
				GCC_OPTIMIZATION_LEVEL = 0;
				GCC_PREPROCESSOR_DEFINITIONS = (
					"DEBUG=1",
					"$(inherited)",
				);
				GCC_WARN_64_TO_32_BIT_CONVERSION = YES;
				GCC_WARN_ABOUT_RETURN_TYPE = YES_ERROR;
				GCC_WARN_UNDECLARED_SELECTOR = YES;
				GCC_WARN_UNINITIALIZED_AUTOS = YES_AGGRESSIVE;
				GCC_WARN_UNUSED_FUNCTION = YES;
				GCC_WARN_UNUSED_VARIABLE = YES;
				IPHONEOS_DEPLOYMENT_TARGET = 17.5;
				LOCALIZATION_PREFERS_STRING_CATALOGS = YES;
				MTL_ENABLE_DEBUG_INFO = INCLUDE_SOURCE;
				MTL_FAST_MATH = YES;
				ONLY_ACTIVE_ARCH = YES;
				SDKROOT = iphoneos;
				SWIFT_ACTIVE_COMPILATION_CONDITIONS = "DEBUG $(inherited)";
				SWIFT_OPTIMIZATION_LEVEL = "-Onone";
			};
			name = Debug;
		};
		5455A84A2C4B8E38002CB766 /* Release */ = {
			isa = XCBuildConfiguration;
			buildSettings = {
				ALWAYS_SEARCH_USER_PATHS = NO;
				ASSETCATALOG_COMPILER_GENERATE_SWIFT_ASSET_SYMBOL_EXTENSIONS = YES;
				CLANG_ANALYZER_NONNULL = YES;
				CLANG_ANALYZER_NUMBER_OBJECT_CONVERSION = YES_AGGRESSIVE;
				CLANG_CXX_LANGUAGE_STANDARD = "gnu++20";
				CLANG_ENABLE_MODULES = YES;
				CLANG_ENABLE_OBJC_ARC = YES;
				CLANG_ENABLE_OBJC_WEAK = YES;
				CLANG_WARN_BLOCK_CAPTURE_AUTORELEASING = YES;
				CLANG_WARN_BOOL_CONVERSION = YES;
				CLANG_WARN_COMMA = YES;
				CLANG_WARN_CONSTANT_CONVERSION = YES;
				CLANG_WARN_DEPRECATED_OBJC_IMPLEMENTATIONS = YES;
				CLANG_WARN_DIRECT_OBJC_ISA_USAGE = YES_ERROR;
				CLANG_WARN_DOCUMENTATION_COMMENTS = YES;
				CLANG_WARN_EMPTY_BODY = YES;
				CLANG_WARN_ENUM_CONVERSION = YES;
				CLANG_WARN_INFINITE_RECURSION = YES;
				CLANG_WARN_INT_CONVERSION = YES;
				CLANG_WARN_NON_LITERAL_NULL_CONVERSION = YES;
				CLANG_WARN_OBJC_IMPLICIT_RETAIN_SELF = YES;
				CLANG_WARN_OBJC_LITERAL_CONVERSION = YES;
				CLANG_WARN_OBJC_ROOT_CLASS = YES_ERROR;
				CLANG_WARN_QUOTED_INCLUDE_IN_FRAMEWORK_HEADER = YES;
				CLANG_WARN_RANGE_LOOP_ANALYSIS = YES;
				CLANG_WARN_STRICT_PROTOTYPES = YES;
				CLANG_WARN_SUSPICIOUS_MOVE = YES;
				CLANG_WARN_UNGUARDED_AVAILABILITY = YES_AGGRESSIVE;
				CLANG_WARN_UNREACHABLE_CODE = YES;
				CLANG_WARN__DUPLICATE_METHOD_MATCH = YES;
				COPY_PHASE_STRIP = NO;
				DEBUG_INFORMATION_FORMAT = "dwarf-with-dsym";
				ENABLE_NS_ASSERTIONS = NO;
				ENABLE_STRICT_OBJC_MSGSEND = YES;
				ENABLE_USER_SCRIPT_SANDBOXING = YES;
				GCC_C_LANGUAGE_STANDARD = gnu17;
				GCC_NO_COMMON_BLOCKS = YES;
				GCC_WARN_64_TO_32_BIT_CONVERSION = YES;
				GCC_WARN_ABOUT_RETURN_TYPE = YES_ERROR;
				GCC_WARN_UNDECLARED_SELECTOR = YES;
				GCC_WARN_UNINITIALIZED_AUTOS = YES_AGGRESSIVE;
				GCC_WARN_UNUSED_FUNCTION = YES;
				GCC_WARN_UNUSED_VARIABLE = YES;
				IPHONEOS_DEPLOYMENT_TARGET = 17.5;
				LOCALIZATION_PREFERS_STRING_CATALOGS = YES;
				MTL_ENABLE_DEBUG_INFO = NO;
				MTL_FAST_MATH = YES;
				SDKROOT = iphoneos;
				SWIFT_COMPILATION_MODE = wholemodule;
				VALIDATE_PRODUCT = YES;
			};
			name = Release;
		};
		5455A84C2C4B8E38002CB766 /* Debug */ = {
			isa = XCBuildConfiguration;
			buildSettings = {
				ASSETCATALOG_COMPILER_APPICON_NAME = AppIcon;
				ASSETCATALOG_COMPILER_GLOBAL_ACCENT_COLOR_NAME = AccentColor;
				CODE_SIGN_STYLE = Automatic;
				CURRENT_PROJECT_VERSION = 1;
				DEVELOPMENT_ASSET_PATHS = "\"riverbank/Preview Content\"";
				DEVELOPMENT_TEAM = 93HN2W2VM2;
				ENABLE_PREVIEWS = YES;
				GENERATE_INFOPLIST_FILE = YES;
				INFOPLIST_KEY_UIApplicationSceneManifest_Generation = YES;
				INFOPLIST_KEY_UIApplicationSupportsIndirectInputEvents = YES;
				INFOPLIST_KEY_UILaunchScreen_Generation = YES;
				INFOPLIST_KEY_UISupportedInterfaceOrientations_iPad = "UIInterfaceOrientationPortrait UIInterfaceOrientationPortraitUpsideDown UIInterfaceOrientationLandscapeLeft UIInterfaceOrientationLandscapeRight";
				INFOPLIST_KEY_UISupportedInterfaceOrientations_iPhone = "UIInterfaceOrientationPortrait UIInterfaceOrientationLandscapeLeft UIInterfaceOrientationLandscapeRight";
				LD_RUNPATH_SEARCH_PATHS = (
					"$(inherited)",
					"@executable_path/Frameworks",
				);
				MARKETING_VERSION = 1.0;
				PRODUCT_BUNDLE_IDENTIFIER = ch2pm4.riverbank;
				PRODUCT_NAME = "$(TARGET_NAME)";
				SWIFT_EMIT_LOC_STRINGS = YES;
				SWIFT_VERSION = 5.0;
				TARGETED_DEVICE_FAMILY = "1,2";
			};
			name = Debug;
		};
		5455A84D2C4B8E38002CB766 /* Release */ = {
			isa = XCBuildConfiguration;
			buildSettings = {
				ASSETCATALOG_COMPILER_APPICON_NAME = AppIcon;
				ASSETCATALOG_COMPILER_GLOBAL_ACCENT_COLOR_NAME = AccentColor;
				CODE_SIGN_STYLE = Automatic;
				CURRENT_PROJECT_VERSION = 1;
				DEVELOPMENT_ASSET_PATHS = "\"riverbank/Preview Content\"";
				DEVELOPMENT_TEAM = 93HN2W2VM2;
				ENABLE_PREVIEWS = YES;
				GENERATE_INFOPLIST_FILE = YES;
				INFOPLIST_KEY_UIApplicationSceneManifest_Generation = YES;
				INFOPLIST_KEY_UIApplicationSupportsIndirectInputEvents = YES;
				INFOPLIST_KEY_UILaunchScreen_Generation = YES;
				INFOPLIST_KEY_UISupportedInterfaceOrientations_iPad = "UIInterfaceOrientationPortrait UIInterfaceOrientationPortraitUpsideDown UIInterfaceOrientationLandscapeLeft UIInterfaceOrientationLandscapeRight";
				INFOPLIST_KEY_UISupportedInterfaceOrientations_iPhone = "UIInterfaceOrientationPortrait UIInterfaceOrientationLandscapeLeft UIInterfaceOrientationLandscapeRight";
				LD_RUNPATH_SEARCH_PATHS = (
					"$(inherited)",
					"@executable_path/Frameworks",
				);
				MARKETING_VERSION = 1.0;
				PRODUCT_BUNDLE_IDENTIFIER = ch2pm4.riverbank;
				PRODUCT_NAME = "$(TARGET_NAME)";
				SWIFT_EMIT_LOC_STRINGS = YES;
				SWIFT_VERSION = 5.0;
				TARGETED_DEVICE_FAMILY = "1,2";
			};
			name = Release;
		};
/* End XCBuildConfiguration section */

/* Begin XCConfigurationList section */
		5455A8382C4B8E35002CB766 /* Build configuration list for PBXProject "riverbank" */ = {
			isa = XCConfigurationList;
			buildConfigurations = (
				5455A8492C4B8E38002CB766 /* Debug */,
				5455A84A2C4B8E38002CB766 /* Release */,
			);
			defaultConfigurationIsVisible = 0;
			defaultConfigurationName = Release;
		};
		5455A84B2C4B8E38002CB766 /* Build configuration list for PBXNativeTarget "riverbank" */ = {
			isa = XCConfigurationList;
			buildConfigurations = (
				5455A84C2C4B8E38002CB766 /* Debug */,
				5455A84D2C4B8E38002CB766 /* Release */,
			);
			defaultConfigurationIsVisible = 0;
			defaultConfigurationName = Release;
		};
/* End XCConfigurationList section */
	};
	rootObject = 5455A8352C4B8E35002CB766 /* Project object */;
}
